
Microsoft Visual Studio Solution File, Format Version 12.00
# Visual Studio 2013
VisualStudioVersion = 12.0.21005.1
MinimumVisualStudioVersion = 10.0.40219.1
Project("{FAE04EC0-301F-11D3-BF4B-00C04F79EFBC}") = "EmailHelper", "SMSHelper\EmailHelper.csproj", "{5033A672-6073-4E28-BAD3-3D69C45D0C16}"
EndProject
Project("{FAE04EC0-301F-11D3-BF4B-00C04F79EFBC}") = "EmailHelperTest", "SmsHelperTest\EmailHelperTest.csproj", "{69221B27-0583-4F76-A883-0548EFBE8D85}"
EndProject
Global
	GlobalSection(SolutionConfigurationPlatforms) = preSolution
		Debug|Any CPU = Debug|Any CPU
		Release|Any CPU = Release|Any CPU
	EndGlobalSection
	GlobalSection(ProjectConfigurationPlatforms) = postSolution
		{5033A672-6073-4E28-BAD3-3D69C45D0C16}.Debug|Any CPU.ActiveCfg = Debug|Any CPU
		{5033A672-6073-4E28-BAD3-3D69C45D0C16}.Debug|Any CPU.Build.0 = Debug|Any CPU
		{5033A672-6073-4E28-BAD3-3D69C45D0C16}.Release|Any CPU.ActiveCfg = Release|Any CPU
		{5033A672-6073-4E28-BAD3-3D69C45D0C16}.Release|Any CPU.Build.0 = Release|Any CPU
		{69221B27-0583-4F76-A883-0548EFBE8D85}.Debug|Any CPU.ActiveCfg = Debug|Any CPU
		{69221B27-0583-4F76-A883-0548EFBE8D85}.Debug|Any CPU.Build.0 = Debug|Any CPU
		{69221B27-0583-4F76-A883-0548EFBE8D85}.Release|Any CPU.ActiveCfg = Release|Any CPU
		{69221B27-0583-4F76-A883-0548EFBE8D85}.Release|Any CPU.Build.0 = Release|Any CPU
	EndGlobalSection
	GlobalSection(SolutionProperties) = preSolution
		HideSolutionNode = FALSE
	EndGlobalSection
EndGlobal
