
Microsoft Visual Studio Solution File, Format Version 12.00
# Visual Studio 2013
VisualStudioVersion = 12.0.40629.0
MinimumVisualStudioVersion = 10.0.40219.1
Project("{FAE04EC0-301F-11D3-BF4B-00C04F79EFBC}") = "RepositionsSystem", "RepositionsSystem\RepositionsSystem.csproj", "{33C13BCC-C3CA-4094-AEF2-DE597B2AB126}"
EndProject
Project("{FAE04EC0-301F-11D3-BF4B-00C04F79EFBC}") = "RepositionsSystem.Tests", "RepositionsSystem\RepositionsSystem.Tests\RepositionsSystem.Tests.csproj", "{65AF611A-B8E0-4B52-BA8C-4B4C58376B80}"
EndProject
Global
	GlobalSection(SolutionConfigurationPlatforms) = preSolution
		Debug|Any CPU = Debug|Any CPU
		Release|Any CPU = Release|Any CPU
	EndGlobalSection
	GlobalSection(ProjectConfigurationPlatforms) = postSolution
		{33C13BCC-C3CA-4094-AEF2-DE597B2AB126}.Debug|Any CPU.ActiveCfg = Debug|Any CPU
		{33C13BCC-C3CA-4094-AEF2-DE597B2AB126}.Debug|Any CPU.Build.0 = Debug|Any CPU
		{33C13BCC-C3CA-4094-AEF2-DE597B2AB126}.Release|Any CPU.ActiveCfg = Release|Any CPU
		{33C13BCC-C3CA-4094-AEF2-DE597B2AB126}.Release|Any CPU.Build.0 = Release|Any CPU
		{65AF611A-B8E0-4B52-BA8C-4B4C58376B80}.Debug|Any CPU.ActiveCfg = Debug|Any CPU
		{65AF611A-B8E0-4B52-BA8C-4B4C58376B80}.Debug|Any CPU.Build.0 = Debug|Any CPU
		{65AF611A-B8E0-4B52-BA8C-4B4C58376B80}.Release|Any CPU.ActiveCfg = Release|Any CPU
		{65AF611A-B8E0-4B52-BA8C-4B4C58376B80}.Release|Any CPU.Build.0 = Release|Any CPU
	EndGlobalSection
	GlobalSection(SolutionProperties) = preSolution
		HideSolutionNode = FALSE
	EndGlobalSection
EndGlobal
