
Microsoft Visual Studio Solution File, Format Version 12.00
# Visual Studio 2013
VisualStudioVersion = 12.0.40629.0
MinimumVisualStudioVersion = 10.0.40219.1
Project("{FAE04EC0-301F-11D3-BF4B-00C04F79EFBC}") = "WebApplication1", "WebApplication1\WebApplication1.csproj", "{FF838E6B-C53F-4FD2-8D20-E78CBB99408F}"
EndProject
Project("{FAE04EC0-301F-11D3-BF4B-00C04F79EFBC}") = "WebApplication1.Tests", "WebApplication1\WebApplication1.Tests\WebApplication1.Tests.csproj", "{CADC3E93-C472-49E0-A50E-DAE179F71DB5}"
EndProject
Global
	GlobalSection(SolutionConfigurationPlatforms) = preSolution
		Debug|Any CPU = Debug|Any CPU
		Release|Any CPU = Release|Any CPU
	EndGlobalSection
	GlobalSection(ProjectConfigurationPlatforms) = postSolution
		{FF838E6B-C53F-4FD2-8D20-E78CBB99408F}.Debug|Any CPU.ActiveCfg = Debug|Any CPU
		{FF838E6B-C53F-4FD2-8D20-E78CBB99408F}.Debug|Any CPU.Build.0 = Debug|Any CPU
		{FF838E6B-C53F-4FD2-8D20-E78CBB99408F}.Release|Any CPU.ActiveCfg = Release|Any CPU
		{FF838E6B-C53F-4FD2-8D20-E78CBB99408F}.Release|Any CPU.Build.0 = Release|Any CPU
		{CADC3E93-C472-49E0-A50E-DAE179F71DB5}.Debug|Any CPU.ActiveCfg = Debug|Any CPU
		{CADC3E93-C472-49E0-A50E-DAE179F71DB5}.Debug|Any CPU.Build.0 = Debug|Any CPU
		{CADC3E93-C472-49E0-A50E-DAE179F71DB5}.Release|Any CPU.ActiveCfg = Release|Any CPU
		{CADC3E93-C472-49E0-A50E-DAE179F71DB5}.Release|Any CPU.Build.0 = Release|Any CPU
	EndGlobalSection
	GlobalSection(SolutionProperties) = preSolution
		HideSolutionNode = FALSE
	EndGlobalSection
EndGlobal
